
Microsoft Visual Studio Solution File, Format Version 12.00
# Visual Studio Version 17
VisualStudioVersion = 17.2.32526.322
MinimumVisualStudioVersion = 10.0.40219.1
Project("{FAE04EC0-301F-11D3-BF4B-00C04F79EFBC}") = "RequestCreation", "RequestCreation\RequestCreation.csproj", "{1E83997E-F1E6-4307-8F36-8467F681FB4A}"
EndProject
Global
	GlobalSection(SolutionConfigurationPlatforms) = preSolution
		Debug|Any CPU = Debug|Any CPU
		Release|Any CPU = Release|Any CPU
	EndGlobalSection
	GlobalSection(ProjectConfigurationPlatforms) = postSolution
		{1E83997E-F1E6-4307-8F36-8467F681FB4A}.Debug|Any CPU.ActiveCfg = Debug|Any CPU
		{1E83997E-F1E6-4307-8F36-8467F681FB4A}.Debug|Any CPU.Build.0 = Debug|Any CPU
		{1E83997E-F1E6-4307-8F36-8467F681FB4A}.Release|Any CPU.ActiveCfg = Release|Any CPU
		{1E83997E-F1E6-4307-8F36-8467F681FB4A}.Release|Any CPU.Build.0 = Release|Any CPU
	EndGlobalSection
	GlobalSection(SolutionProperties) = preSolution
		HideSolutionNode = FALSE
	EndGlobalSection
	GlobalSection(ExtensibilityGlobals) = postSolution
		SolutionGuid = {2FD6AB36-5521-45FB-A347-409403859D2C}
	EndGlobalSection
EndGlobal
